
Microsoft Visual Studio Solution File, Format Version 12.00
# Visual Studio Version 17
VisualStudioVersion = 17.7.34031.279
MinimumVisualStudioVersion = 10.0.40219.1
Project("{8BC9CEB8-8B4A-11D0-8D11-00A0C91BC942}") = "Lab23", "Lab23\Lab23.vcxproj", "{556141BC-5118-4E32-AEC7-6C661B0EB559}"
EndProject
Project("{2150E333-8FDC-42A3-9474-1A3956D46DE8}") = "Элементы решения", "Элементы решения", "{18CFCE5A-6C79-45DE-9445-762700AEF608}"
	ProjectSection(SolutionItems) = preProject
		Lab23\list.c = Lab23\list.c
		Lab23\List.h = Lab23\List.h
	EndProjectSection
EndProject
Global
	GlobalSection(SolutionConfigurationPlatforms) = preSolution
		Debug|x64 = Debug|x64
		Debug|x86 = Debug|x86
		Release|x64 = Release|x64
		Release|x86 = Release|x86
	EndGlobalSection
	GlobalSection(ProjectConfigurationPlatforms) = postSolution
		{556141BC-5118-4E32-AEC7-6C661B0EB559}.Debug|x64.ActiveCfg = Debug|x64
		{556141BC-5118-4E32-AEC7-6C661B0EB559}.Debug|x64.Build.0 = Debug|x64
		{556141BC-5118-4E32-AEC7-6C661B0EB559}.Debug|x86.ActiveCfg = Debug|Win32
		{556141BC-5118-4E32-AEC7-6C661B0EB559}.Debug|x86.Build.0 = Debug|Win32
		{556141BC-5118-4E32-AEC7-6C661B0EB559}.Release|x64.ActiveCfg = Release|x64
		{556141BC-5118-4E32-AEC7-6C661B0EB559}.Release|x64.Build.0 = Release|x64
		{556141BC-5118-4E32-AEC7-6C661B0EB559}.Release|x86.ActiveCfg = Release|Win32
		{556141BC-5118-4E32-AEC7-6C661B0EB559}.Release|x86.Build.0 = Release|Win32
	EndGlobalSection
	GlobalSection(SolutionProperties) = preSolution
		HideSolutionNode = FALSE
	EndGlobalSection
	GlobalSection(ExtensibilityGlobals) = postSolution
		SolutionGuid = {5A371E16-193A-45FA-A89A-0F144693C51E}
	EndGlobalSection
EndGlobal
